
Microsoft Visual Studio Solution File, Format Version 12.00
# Visual Studio Version 16
VisualStudioVersion = 16.0.30002.166
MinimumVisualStudioVersion = 10.0.40219.1
Project("{8BC9CEB8-8B4A-11D0-8D11-00A0C91BC942}") = "Simple Linked List", "Simple Linked List\Simple Linked List.vcxproj", "{52AB8A82-ECC8-4178-ACC1-11C03EF920E1}"
EndProject
Global
	GlobalSection(SolutionConfigurationPlatforms) = preSolution
		Debug|x64 = Debug|x64
		Debug|x86 = Debug|x86
		Release|x64 = Release|x64
		Release|x86 = Release|x86
	EndGlobalSection
	GlobalSection(ProjectConfigurationPlatforms) = postSolution
		{52AB8A82-ECC8-4178-ACC1-11C03EF920E1}.Debug|x64.ActiveCfg = Debug|x64
		{52AB8A82-ECC8-4178-ACC1-11C03EF920E1}.Debug|x64.Build.0 = Debug|x64
		{52AB8A82-ECC8-4178-ACC1-11C03EF920E1}.Debug|x86.ActiveCfg = Debug|Win32
		{52AB8A82-ECC8-4178-ACC1-11C03EF920E1}.Debug|x86.Build.0 = Debug|Win32
		{52AB8A82-ECC8-4178-ACC1-11C03EF920E1}.Release|x64.ActiveCfg = Release|x64
		{52AB8A82-ECC8-4178-ACC1-11C03EF920E1}.Release|x64.Build.0 = Release|x64
		{52AB8A82-ECC8-4178-ACC1-11C03EF920E1}.Release|x86.ActiveCfg = Release|Win32
		{52AB8A82-ECC8-4178-ACC1-11C03EF920E1}.Release|x86.Build.0 = Release|Win32
	EndGlobalSection
	GlobalSection(SolutionProperties) = preSolution
		HideSolutionNode = FALSE
	EndGlobalSection
	GlobalSection(ExtensibilityGlobals) = postSolution
		SolutionGuid = {063C17AD-20E9-4568-9834-DEC6CE2A5BF8}
	EndGlobalSection
EndGlobal
